
Microsoft Visual Studio Solution File, Format Version 12.00
# Visual Studio Version 17
VisualStudioVersion = 17.1.32328.378
MinimumVisualStudioVersion = 10.0.40219.1
Project("{FAE04EC0-301F-11D3-BF4B-00C04F79EFBC}") = "MembersInfoApi", "MembersInfoApi\MembersInfoApi.csproj", "{D3C2136F-DF1A-4090-BE42-743DA61FD05E}"
EndProject
Global
	GlobalSection(SolutionConfigurationPlatforms) = preSolution
		Debug|Any CPU = Debug|Any CPU
		Release|Any CPU = Release|Any CPU
	EndGlobalSection
	GlobalSection(ProjectConfigurationPlatforms) = postSolution
		{D3C2136F-DF1A-4090-BE42-743DA61FD05E}.Debug|Any CPU.ActiveCfg = Debug|Any CPU
		{D3C2136F-DF1A-4090-BE42-743DA61FD05E}.Debug|Any CPU.Build.0 = Debug|Any CPU
		{D3C2136F-DF1A-4090-BE42-743DA61FD05E}.Release|Any CPU.ActiveCfg = Release|Any CPU
		{D3C2136F-DF1A-4090-BE42-743DA61FD05E}.Release|Any CPU.Build.0 = Release|Any CPU
	EndGlobalSection
	GlobalSection(SolutionProperties) = preSolution
		HideSolutionNode = FALSE
	EndGlobalSection
	GlobalSection(ExtensibilityGlobals) = postSolution
		SolutionGuid = {9B7DAD46-F76D-4E6C-A26F-26BF6F5B3942}
	EndGlobalSection
EndGlobal
